github.com/nickwells/mathutil.mod/v2 v2.4.0 h1:jNkgo5UJ0IHKdD7rrectRVT01Qb0kPdz+CnLTuTeMx8=
github.com/nickwells/mathutil.mod/v2 v2.4.0/go.mod h1:Na20LcK3M/DaPTz/Jxjns2HBzFQmVSRbQPQxNxxS7cg=
github.com/nickwells/testhelper.mod/v2 v2.3.0 h1:b/EpnHiYr8dnr6C0a6zW2KAyHgfQ72pVw3cNklSzwxs=
github.com/nickwells/testhelper.mod/v2 v2.3.0/go.mod h1:pdhf+XHRINEUH6a0OcwC98ETD3ZluAXKA5xOhC2I2Qk=
golang.org/x/exp v0.0.0-20240119083558-1b970713d09a h1:Q8/wZp0KX97QFTc2ywcOE0YRjZPVIx+MXInMzdvQqcA=
golang.org/x/exp v0.0.0-20240119083558-1b970713d09a/go.mod h1:idGWGoKP1toJGkd5/ig9ZLuPcZBC3ewk7SzmH0uou08=
